// !$*UTF8*$!
{
	archiveVersion = 1;
	classes = {
	};
	objectVersion = 70;
	objects = {

/* Begin PBXBuildFile section */
		0D0594AB2D941F8D00F1E926 /* AuthViewController.swift in Sources */ = {isa = PBXBuildFile; fileRef = 0D0594AA2D941F8D00F1E926 /* AuthViewController.swift */; };
		0D0594AE2D9420BE00F1E926 /* WebViewViewController.swift in Sources */ = {isa = PBXBuildFile; fileRef = 0D0594AD2D9420BE00F1E926 /* WebViewViewController.swift */; };
		0D0CBEE72D92E67400F578D1 /* Constants.swift in Sources */ = {isa = PBXBuildFile; fileRef = 0D0CBEE62D92E67400F578D1 /* Constants.swift */; };
		0D2789502D674E6A00B6DC6B /* AppDelegate.swift in Sources */ = {isa = PBXBuildFile; fileRef = 0D27894F2D674E6A00B6DC6B /* AppDelegate.swift */; };
		0D2789522D674E6A00B6DC6B /* SceneDelegate.swift in Sources */ = {isa = PBXBuildFile; fileRef = 0D2789512D674E6A00B6DC6B /* SceneDelegate.swift */; };
		0D2789542D674E6A00B6DC6B /* ImagesListViewController.swift in Sources */ = {isa = PBXBuildFile; fileRef = 0D2789532D674E6A00B6DC6B /* ImagesListViewController.swift */; };
		0D2789572D674E6A00B6DC6B /* Base in Resources */ = {isa = PBXBuildFile; fileRef = 0D2789562D674E6A00B6DC6B /* Base */; };
		0D2789592D674E6C00B6DC6B /* Assets.xcassets in Resources */ = {isa = PBXBuildFile; fileRef = 0D2789582D674E6C00B6DC6B /* Assets.xcassets */; };
		0D27895C2D674E6C00B6DC6B /* Base in Resources */ = {isa = PBXBuildFile; fileRef = 0D27895B2D674E6C00B6DC6B /* Base */; };
		0D2C57F22DC10039003FB0FD /* TabBarController.swift in Sources */ = {isa = PBXBuildFile; fileRef = 0D2C57F12DC10034003FB0FD /* TabBarController.swift */; };
		0D41E2352D70969800C23385 /* ImagesListCell.swift in Sources */ = {isa = PBXBuildFile; fileRef = 0D41E2342D70969800C23385 /* ImagesListCell.swift */; };
		0D48EA8D2DAEBEF200EF0C79 /* ProgressHUD in Frameworks */ = {isa = PBXBuildFile; productRef = 0D48EA8C2DAEBEF200EF0C79 /* ProgressHUD */; };
		0D5262262DA52E460001F44B /* URLSession+data.swift in Sources */ = {isa = PBXBuildFile; fileRef = 0D5262252DA52E460001F44B /* URLSession+data.swift */; };
		0D52DC0E2DA6921500A9A1E8 /* OAuth2TokenStorage.swift in Sources */ = {isa = PBXBuildFile; fileRef = 0D52DC0D2DA6921500A9A1E8 /* OAuth2TokenStorage.swift */; };
		0D52DC112DA6F23000A9A1E8 /* SplashViewController.swift in Sources */ = {isa = PBXBuildFile; fileRef = 0D52DC102DA6F23000A9A1E8 /* SplashViewController.swift */; };
		0D5A6CA92DC4F12D00B83BF9 /* PhotoResult.swift in Sources */ = {isa = PBXBuildFile; fileRef = 0D5A6CA82DC4F11B00B83BF9 /* PhotoResult.swift */; };
		0D5A6CB12DC4F80400B83BF9 /* ImagesListService.swift in Sources */ = {isa = PBXBuildFile; fileRef = 0D5A6CB02DC4F80200B83BF9 /* ImagesListService.swift */; };
		0D5A6CB72DC691F900B83BF9 /* (null) in Frameworks */ = {isa = PBXBuildFile; };
		0D5A6CBA2DC8D7A000B83BF9 /* WebKit.framework in Frameworks */ = {isa = PBXBuildFile; fileRef = 0D5A6CB92DC8D7A000B83BF9 /* WebKit.framework */; };
		0D7E44002DB1277500804CA2 /* UIBlockingProgressHUD.swift in Sources */ = {isa = PBXBuildFile; fileRef = 0D7E43FF2DB1277000804CA2 /* UIBlockingProgressHUD.swift */; };
		0D7E44022DB12B1900804CA2 /* ProfileService.swift in Sources */ = {isa = PBXBuildFile; fileRef = 0D7E44012DB12B1400804CA2 /* ProfileService.swift */; };
		0D7E44062DB26EEE00804CA2 /* ProfileUnsplashResultModel.swift in Sources */ = {isa = PBXBuildFile; fileRef = 0D7E44052DB26EE900804CA2 /* ProfileUnsplashResultModel.swift */; };
		0DA39A972DB8222600738593 /* ProfileImageService.swift in Sources */ = {isa = PBXBuildFile; fileRef = 0DA39A962DB8221700738593 /* ProfileImageService.swift */; };
		0DA39A9A2DBC073C00738593 /* Kingfisher in Frameworks */ = {isa = PBXBuildFile; productRef = 0DA39A992DBC073C00738593 /* Kingfisher */; };
		0DA39A9D2DBD5ED400738593 /* SwiftKeychainWrapper in Frameworks */ = {isa = PBXBuildFile; productRef = 0DA39A9C2DBD5ED400738593 /* SwiftKeychainWrapper */; };
		0DB16E0E2DA060E80014A0AF /* OAuthTokenResponseModel.swift in Sources */ = {isa = PBXBuildFile; fileRef = 0DB16E0D2DA060E80014A0AF /* OAuthTokenResponseModel.swift */; };
		0DC61B7B2D96BFFF00F205F4 /* OAuth2Service.swift in Sources */ = {isa = PBXBuildFile; fileRef = 0DC61B7A2D96BFFC00F205F4 /* OAuth2Service.swift */; };
		0DE35D302D71D7F000CCA4E9 /* ProfileViewController .swift in Sources */ = {isa = PBXBuildFile; fileRef = 0DE35D2F2D71D7F000CCA4E9 /* ProfileViewController .swift */; };
		0DE35D332D7246F600CCA4E9 /* SingleImageViewController.swift in Sources */ = {isa = PBXBuildFile; fileRef = 0DE35D322D7246F600CCA4E9 /* SingleImageViewController.swift */; };
/* End PBXBuildFile section */

/* Begin PBXContainerItemProxy section */
		0D4CB05A2DDBBCE8002AEE98 /* PBXContainerItemProxy */ = {
			isa = PBXContainerItemProxy;
			containerPortal = 0D2789442D674E6A00B6DC6B /* Project object */;
			proxyType = 1;
			remoteGlobalIDString = 0D27894B2D674E6A00B6DC6B;
			remoteInfo = ImageFeed;
		};
/* End PBXContainerItemProxy section */

/* Begin PBXFileReference section */
		0D0594AA2D941F8D00F1E926 /* AuthViewController.swift */ = {isa = PBXFileReference; lastKnownFileType = sourcecode.swift; path = AuthViewController.swift; sourceTree = "<group>"; };
		0D0594AD2D9420BE00F1E926 /* WebViewViewController.swift */ = {isa = PBXFileReference; lastKnownFileType = sourcecode.swift; path = WebViewViewController.swift; sourceTree = "<group>"; };
		0D0CBEE62D92E67400F578D1 /* Constants.swift */ = {isa = PBXFileReference; lastKnownFileType = sourcecode.swift; path = Constants.swift; sourceTree = "<group>"; };
		0D27894C2D674E6A00B6DC6B /* ImageFeed.app */ = {isa = PBXFileReference; explicitFileType = wrapper.application; includeInIndex = 0; path = ImageFeed.app; sourceTree = BUILT_PRODUCTS_DIR; };
		0D27894F2D674E6A00B6DC6B /* AppDelegate.swift */ = {isa = PBXFileReference; lastKnownFileType = sourcecode.swift; path = AppDelegate.swift; sourceTree = "<group>"; };
		0D2789512D674E6A00B6DC6B /* SceneDelegate.swift */ = {isa = PBXFileReference; lastKnownFileType = sourcecode.swift; path = SceneDelegate.swift; sourceTree = "<group>"; };
		0D2789532D674E6A00B6DC6B /* ImagesListViewController.swift */ = {isa = PBXFileReference; lastKnownFileType = sourcecode.swift; path = ImagesListViewController.swift; sourceTree = "<group>"; };
		0D2789562D674E6A00B6DC6B /* Base */ = {isa = PBXFileReference; lastKnownFileType = file.storyboard; name = Base; path = Base.lproj/Main.storyboard; sourceTree = "<group>"; };
		0D2789582D674E6C00B6DC6B /* Assets.xcassets */ = {isa = PBXFileReference; lastKnownFileType = folder.assetcatalog; path = Assets.xcassets; sourceTree = "<group>"; };
		0D27895B2D674E6C00B6DC6B /* Base */ = {isa = PBXFileReference; lastKnownFileType = file.storyboard; name = Base; path = Base.lproj/LaunchScreen.storyboard; sourceTree = "<group>"; };
		0D27895D2D674E6C00B6DC6B /* Info.plist */ = {isa = PBXFileReference; lastKnownFileType = text.plist.xml; path = Info.plist; sourceTree = "<group>"; };
		0D2C57F12DC10034003FB0FD /* TabBarController.swift */ = {isa = PBXFileReference; lastKnownFileType = sourcecode.swift; path = TabBarController.swift; sourceTree = "<group>"; };
		0D41E2342D70969800C23385 /* ImagesListCell.swift */ = {isa = PBXFileReference; lastKnownFileType = sourcecode.swift; path = ImagesListCell.swift; sourceTree = "<group>"; };
		0D4CB0562DDBBCE8002AEE98 /* ImageFeedTests.xctest */ = {isa = PBXFileReference; explicitFileType = wrapper.cfbundle; includeInIndex = 0; path = ImageFeedTests.xctest; sourceTree = BUILT_PRODUCTS_DIR; };
		0D5262252DA52E460001F44B /* URLSession+data.swift */ = {isa = PBXFileReference; lastKnownFileType = sourcecode.swift; path = "URLSession+data.swift"; sourceTree = "<group>"; };
		0D52DC0D2DA6921500A9A1E8 /* OAuth2TokenStorage.swift */ = {isa = PBXFileReference; lastKnownFileType = sourcecode.swift; path = OAuth2TokenStorage.swift; sourceTree = "<group>"; };
		0D52DC102DA6F23000A9A1E8 /* SplashViewController.swift */ = {isa = PBXFileReference; lastKnownFileType = sourcecode.swift; path = SplashViewController.swift; sourceTree = "<group>"; };
		0D5A6CA82DC4F11B00B83BF9 /* PhotoResult.swift */ = {isa = PBXFileReference; lastKnownFileType = sourcecode.swift; path = PhotoResult.swift; sourceTree = "<group>"; };
		0D5A6CB02DC4F80200B83BF9 /* ImagesListService.swift */ = {isa = PBXFileReference; lastKnownFileType = sourcecode.swift; path = ImagesListService.swift; sourceTree = "<group>"; };
		0D5A6CB92DC8D7A000B83BF9 /* WebKit.framework */ = {isa = PBXFileReference; lastKnownFileType = wrapper.framework; name = WebKit.framework; path = System/Library/Frameworks/WebKit.framework; sourceTree = SDKROOT; };
		0D7E43FF2DB1277000804CA2 /* UIBlockingProgressHUD.swift */ = {isa = PBXFileReference; lastKnownFileType = sourcecode.swift; path = UIBlockingProgressHUD.swift; sourceTree = "<group>"; };
		0D7E44012DB12B1400804CA2 /* ProfileService.swift */ = {isa = PBXFileReference; lastKnownFileType = sourcecode.swift; path = ProfileService.swift; sourceTree = "<group>"; };
		0D7E44052DB26EE900804CA2 /* ProfileUnsplashResultModel.swift */ = {isa = PBXFileReference; lastKnownFileType = sourcecode.swift; path = ProfileUnsplashResultModel.swift; sourceTree = "<group>"; };
		0DA39A962DB8221700738593 /* ProfileImageService.swift */ = {isa = PBXFileReference; lastKnownFileType = sourcecode.swift; path = ProfileImageService.swift; sourceTree = "<group>"; };
		0DB16E0D2DA060E80014A0AF /* OAuthTokenResponseModel.swift */ = {isa = PBXFileReference; lastKnownFileType = sourcecode.swift; path = OAuthTokenResponseModel.swift; sourceTree = "<group>"; };
		0DC61B7A2D96BFFC00F205F4 /* OAuth2Service.swift */ = {isa = PBXFileReference; lastKnownFileType = sourcecode.swift; path = OAuth2Service.swift; sourceTree = "<group>"; };
		0DE35D2F2D71D7F000CCA4E9 /* ProfileViewController .swift */ = {isa = PBXFileReference; lastKnownFileType = sourcecode.swift; path = "ProfileViewController .swift"; sourceTree = "<group>"; };
		0DE35D322D7246F600CCA4E9 /* SingleImageViewController.swift */ = {isa = PBXFileReference; lastKnownFileType = sourcecode.swift; path = SingleImageViewController.swift; sourceTree = "<group>"; };
/* End PBXFileReference section */

/* Begin PBXFileSystemSynchronizedRootGroup section */
		0D4CB0572DDBBCE8002AEE98 /* ImageFeedTests */ = {isa = PBXFileSystemSynchronizedRootGroup; explicitFileTypes = {}; explicitFolders = (); path = ImageFeedTests; sourceTree = "<group>"; };
/* End PBXFileSystemSynchronizedRootGroup section */

/* Begin PBXFrameworksBuildPhase section */
		0D2789492D674E6A00B6DC6B /* Frameworks */ = {
			isa = PBXFrameworksBuildPhase;
			buildActionMask = 2147483647;
			files = (
				0D5A6CBA2DC8D7A000B83BF9 /* WebKit.framework in Frameworks */,
				0DA39A9A2DBC073C00738593 /* Kingfisher in Frameworks */,
				0D48EA8D2DAEBEF200EF0C79 /* ProgressHUD in Frameworks */,
				0D5A6CB72DC691F900B83BF9 /* (null) in Frameworks */,
				0DA39A9D2DBD5ED400738593 /* SwiftKeychainWrapper in Frameworks */,
			);
			runOnlyForDeploymentPostprocessing = 0;
		};
		0D4CB0532DDBBCE8002AEE98 /* Frameworks */ = {
			isa = PBXFrameworksBuildPhase;
			buildActionMask = 2147483647;
			files = (
			);
			runOnlyForDeploymentPostprocessing = 0;
		};
/* End PBXFrameworksBuildPhase section */

/* Begin PBXGroup section */
		0D0594AC2D941FD000F1E926 /* Auth */ = {
			isa = PBXGroup;
			children = (
				0DC61B7A2D96BFFC00F205F4 /* OAuth2Service.swift */,
				0D52DC0D2DA6921500A9A1E8 /* OAuth2TokenStorage.swift */,
				0D5262252DA52E460001F44B /* URLSession+data.swift */,
				0DB16E0D2DA060E80014A0AF /* OAuthTokenResponseModel.swift */,
				0D0594AA2D941F8D00F1E926 /* AuthViewController.swift */,
				0D0594AD2D9420BE00F1E926 /* WebViewViewController.swift */,
			);
			path = Auth;
			sourceTree = "<group>";
		};
		0D2789432D674E6A00B6DC6B = {
			isa = PBXGroup;
			children = (
				0D27894E2D674E6A00B6DC6B /* ImageFeed */,
				0D4CB0572DDBBCE8002AEE98 /* ImageFeedTests */,
				0D5A6CB82DC8D7A000B83BF9 /* Frameworks */,
				0D27894D2D674E6A00B6DC6B /* Products */,
			);
			sourceTree = "<group>";
		};
		0D27894D2D674E6A00B6DC6B /* Products */ = {
			isa = PBXGroup;
			children = (
				0D27894C2D674E6A00B6DC6B /* ImageFeed.app */,
				0D4CB0562DDBBCE8002AEE98 /* ImageFeedTests.xctest */,
			);
			name = Products;
			sourceTree = "<group>";
		};
		0D27894E2D674E6A00B6DC6B /* ImageFeed */ = {
			isa = PBXGroup;
			children = (
				0D27894F2D674E6A00B6DC6B /* AppDelegate.swift */,
				0D2789512D674E6A00B6DC6B /* SceneDelegate.swift */,
				0D0CBEE62D92E67400F578D1 /* Constants.swift */,
				0D7E43FE2DB1274000804CA2 /* UIBlockingProgressHUD */,
				0D52DC0F2DA6F1FD00A9A1E8 /* SplashScreen */,
				0D0594AC2D941FD000F1E926 /* Auth */,
				0D2C57F02DC1002B003FB0FD /* TabBar */,
				0DE35D312D71DCB800CCA4E9 /* ProfileView */,
				0D99A41A2D81E3EE00AA8B6A /* SingleImageView */,
				0D41E2362D7096E500C23385 /* ImagesList */,
				0D5A6CA72DC4F10700B83BF9 /* ImagesListService */,
				0D2789582D674E6C00B6DC6B /* Assets.xcassets */,
				0D2789552D674E6A00B6DC6B /* Main.storyboard */,
				0D27895A2D674E6C00B6DC6B /* LaunchScreen.storyboard */,
				0D27895D2D674E6C00B6DC6B /* Info.plist */,
			);
			path = ImageFeed;
			sourceTree = "<group>";
		};
		0D2C57F02DC1002B003FB0FD /* TabBar */ = {
			isa = PBXGroup;
			children = (
				0D2C57F12DC10034003FB0FD /* TabBarController.swift */,
			);
			path = TabBar;
			sourceTree = "<group>";
		};
		0D41E2362D7096E500C23385 /* ImagesList */ = {
			isa = PBXGroup;
			children = (
				0D41E2342D70969800C23385 /* ImagesListCell.swift */,
				0D2789532D674E6A00B6DC6B /* ImagesListViewController.swift */,
			);
			path = ImagesList;
			sourceTree = "<group>";
		};
		0D52DC0F2DA6F1FD00A9A1E8 /* SplashScreen */ = {
			isa = PBXGroup;
			children = (
				0D52DC102DA6F23000A9A1E8 /* SplashViewController.swift */,
			);
			path = SplashScreen;
			sourceTree = "<group>";
		};
		0D5A6CA72DC4F10700B83BF9 /* ImagesListService */ = {
			isa = PBXGroup;
			children = (
				0D5A6CB02DC4F80200B83BF9 /* ImagesListService.swift */,
				0D5A6CA82DC4F11B00B83BF9 /* PhotoResult.swift */,
			);
			path = ImagesListService;
			sourceTree = "<group>";
		};
		0D5A6CB82DC8D7A000B83BF9 /* Frameworks */ = {
			isa = PBXGroup;
			children = (
				0D5A6CB92DC8D7A000B83BF9 /* WebKit.framework */,
			);
			name = Frameworks;
			sourceTree = "<group>";
		};
		0D7E43FE2DB1274000804CA2 /* UIBlockingProgressHUD */ = {
			isa = PBXGroup;
			children = (
				0D7E43FF2DB1277000804CA2 /* UIBlockingProgressHUD.swift */,
			);
			path = UIBlockingProgressHUD;
			sourceTree = "<group>";
		};
		0D99A41A2D81E3EE00AA8B6A /* SingleImageView */ = {
			isa = PBXGroup;
			children = (
				0DE35D322D7246F600CCA4E9 /* SingleImageViewController.swift */,
			);
			path = SingleImageView;
			sourceTree = "<group>";
		};
		0DE35D312D71DCB800CCA4E9 /* ProfileView */ = {
			isa = PBXGroup;
			children = (
				0D7E44012DB12B1400804CA2 /* ProfileService.swift */,
				0DA39A962DB8221700738593 /* ProfileImageService.swift */,
				0D7E44052DB26EE900804CA2 /* ProfileUnsplashResultModel.swift */,
				0DE35D2F2D71D7F000CCA4E9 /* ProfileViewController .swift */,
			);
			path = ProfileView;
			sourceTree = "<group>";
		};
/* End PBXGroup section */

/* Begin PBXNativeTarget section */
		0D27894B2D674E6A00B6DC6B /* ImageFeed */ = {
			isa = PBXNativeTarget;
			buildConfigurationList = 0D2789602D674E6C00B6DC6B /* Build configuration list for PBXNativeTarget "ImageFeed" */;
			buildPhases = (
				0D2789482D674E6A00B6DC6B /* Sources */,
				0D2789492D674E6A00B6DC6B /* Frameworks */,
				0D27894A2D674E6A00B6DC6B /* Resources */,
			);
			buildRules = (
			);
			dependencies = (
			);
			name = ImageFeed;
			productName = ImageFeed;
			productReference = 0D27894C2D674E6A00B6DC6B /* ImageFeed.app */;
			productType = "com.apple.product-type.application";
		};
		0D4CB0552DDBBCE8002AEE98 /* ImageFeedTests */ = {
			isa = PBXNativeTarget;
			buildConfigurationList = 0D4CB05C2DDBBCE8002AEE98 /* Build configuration list for PBXNativeTarget "ImageFeedTests" */;
			buildPhases = (
				0D4CB0522DDBBCE8002AEE98 /* Sources */,
				0D4CB0532DDBBCE8002AEE98 /* Frameworks */,
				0D4CB0542DDBBCE8002AEE98 /* Resources */,
			);
			buildRules = (
			);
			dependencies = (
				0D4CB05B2DDBBCE8002AEE98 /* PBXTargetDependency */,
			);
			fileSystemSynchronizedGroups = (
				0D4CB0572DDBBCE8002AEE98 /* ImageFeedTests */,
			);
			name = ImageFeedTests;
			packageProductDependencies = (
			);
			productName = ImageFeedTests;
			productReference = 0D4CB0562DDBBCE8002AEE98 /* ImageFeedTests.xctest */;
			productType = "com.apple.product-type.bundle.unit-test";
		};
/* End PBXNativeTarget section */

/* Begin PBXProject section */
		0D2789442D674E6A00B6DC6B /* Project object */ = {
			isa = PBXProject;
			attributes = {
				BuildIndependentTargetsInParallel = 1;
				LastSwiftUpdateCheck = 1620;
				LastUpgradeCheck = 1540;
				TargetAttributes = {
					0D27894B2D674E6A00B6DC6B = {
						CreatedOnToolsVersion = 15.4;
					};
					0D4CB0552DDBBCE8002AEE98 = {
						CreatedOnToolsVersion = 16.2;
						TestTargetID = 0D27894B2D674E6A00B6DC6B;
					};
				};
			};
			buildConfigurationList = 0D2789472D674E6A00B6DC6B /* Build configuration list for PBXProject "ImageFeed" */;
			compatibilityVersion = "Xcode 14.0";
			developmentRegion = en;
			hasScannedForEncodings = 0;
			knownRegions = (
				en,
				Base,
			);
			mainGroup = 0D2789432D674E6A00B6DC6B;
			packageReferences = (
				0D48EA8B2DAEBEF200EF0C79 /* XCRemoteSwiftPackageReference "ProgressHUD" */,
				0DA39A982DBC073C00738593 /* XCRemoteSwiftPackageReference "Kingfisher" */,
				0DA39A9B2DBD5ED400738593 /* XCRemoteSwiftPackageReference "SwiftKeychainWrapper" */,
			);
			productRefGroup = 0D27894D2D674E6A00B6DC6B /* Products */;
			projectDirPath = "";
			projectRoot = "";
			targets = (
				0D27894B2D674E6A00B6DC6B /* ImageFeed */,
				0D4CB0552DDBBCE8002AEE98 /* ImageFeedTests */,
			);
		};
/* End PBXProject section */

/* Begin PBXResourcesBuildPhase section */
		0D27894A2D674E6A00B6DC6B /* Resources */ = {
			isa = PBXResourcesBuildPhase;
			buildActionMask = 2147483647;
			files = (
				0D2789592D674E6C00B6DC6B /* Assets.xcassets in Resources */,
				0D27895C2D674E6C00B6DC6B /* Base in Resources */,
				0D2789572D674E6A00B6DC6B /* Base in Resources */,
			);
			runOnlyForDeploymentPostprocessing = 0;
		};
		0D4CB0542DDBBCE8002AEE98 /* Resources */ = {
			isa = PBXResourcesBuildPhase;
			buildActionMask = 2147483647;
			files = (
			);
			runOnlyForDeploymentPostprocessing = 0;
		};
/* End PBXResourcesBuildPhase section */

/* Begin PBXSourcesBuildPhase section */
		0D2789482D674E6A00B6DC6B /* Sources */ = {
			isa = PBXSourcesBuildPhase;
			buildActionMask = 2147483647;
			files = (
				0D0CBEE72D92E67400F578D1 /* Constants.swift in Sources */,
				0D5A6CA92DC4F12D00B83BF9 /* PhotoResult.swift in Sources */,
				0D7E44022DB12B1900804CA2 /* ProfileService.swift in Sources */,
				0D5262262DA52E460001F44B /* URLSession+data.swift in Sources */,
				0D2789542D674E6A00B6DC6B /* ImagesListViewController.swift in Sources */,
				0DE35D302D71D7F000CCA4E9 /* ProfileViewController .swift in Sources */,
				0DC61B7B2D96BFFF00F205F4 /* OAuth2Service.swift in Sources */,
				0D5A6CB12DC4F80400B83BF9 /* ImagesListService.swift in Sources */,
				0D41E2352D70969800C23385 /* ImagesListCell.swift in Sources */,
				0D52DC0E2DA6921500A9A1E8 /* OAuth2TokenStorage.swift in Sources */,
				0DB16E0E2DA060E80014A0AF /* OAuthTokenResponseModel.swift in Sources */,
				0D7E44002DB1277500804CA2 /* UIBlockingProgressHUD.swift in Sources */,
				0D2C57F22DC10039003FB0FD /* TabBarController.swift in Sources */,
				0D52DC112DA6F23000A9A1E8 /* SplashViewController.swift in Sources */,
				0D7E44062DB26EEE00804CA2 /* ProfileUnsplashResultModel.swift in Sources */,
				0D0594AB2D941F8D00F1E926 /* AuthViewController.swift in Sources */,
				0D2789502D674E6A00B6DC6B /* AppDelegate.swift in Sources */,
				0DE35D332D7246F600CCA4E9 /* SingleImageViewController.swift in Sources */,
				0DA39A972DB8222600738593 /* ProfileImageService.swift in Sources */,
				0D0594AE2D9420BE00F1E926 /* WebViewViewController.swift in Sources */,
				0D2789522D674E6A00B6DC6B /* SceneDelegate.swift in Sources */,
			);
			runOnlyForDeploymentPostprocessing = 0;
		};
		0D4CB0522DDBBCE8002AEE98 /* Sources */ = {
			isa = PBXSourcesBuildPhase;
			buildActionMask = 2147483647;
			files = (
			);
			runOnlyForDeploymentPostprocessing = 0;
		};
/* End PBXSourcesBuildPhase section */

/* Begin PBXTargetDependency section */
		0D4CB05B2DDBBCE8002AEE98 /* PBXTargetDependency */ = {
			isa = PBXTargetDependency;
			target = 0D27894B2D674E6A00B6DC6B /* ImageFeed */;
			targetProxy = 0D4CB05A2DDBBCE8002AEE98 /* PBXContainerItemProxy */;
		};
/* End PBXTargetDependency section */

/* Begin PBXVariantGroup section */
		0D2789552D674E6A00B6DC6B /* Main.storyboard */ = {
			isa = PBXVariantGroup;
			children = (
				0D2789562D674E6A00B6DC6B /* Base */,
			);
			name = Main.storyboard;
			sourceTree = "<group>";
		};
		0D27895A2D674E6C00B6DC6B /* LaunchScreen.storyboard */ = {
			isa = PBXVariantGroup;
			children = (
				0D27895B2D674E6C00B6DC6B /* Base */,
			);
			name = LaunchScreen.storyboard;
			sourceTree = "<group>";
		};
/* End PBXVariantGroup section */

/* Begin XCBuildConfiguration section */
		0D27895E2D674E6C00B6DC6B /* Debug */ = {
			isa = XCBuildConfiguration;
			buildSettings = {
				ALWAYS_SEARCH_USER_PATHS = NO;
				ASSETCATALOG_COMPILER_GENERATE_SWIFT_ASSET_SYMBOL_EXTENSIONS = YES;
				CLANG_ANALYZER_NONNULL = YES;
				CLANG_ANALYZER_NUMBER_OBJECT_CONVERSION = YES_AGGRESSIVE;
				CLANG_CXX_LANGUAGE_STANDARD = "gnu++20";
				CLANG_ENABLE_MODULES = YES;
				CLANG_ENABLE_OBJC_ARC = YES;
				CLANG_ENABLE_OBJC_WEAK = YES;
				CLANG_WARN_BLOCK_CAPTURE_AUTORELEASING = YES;
				CLANG_WARN_BOOL_CONVERSION = YES;
				CLANG_WARN_COMMA = YES;
				CLANG_WARN_CONSTANT_CONVERSION = YES;
				CLANG_WARN_DEPRECATED_OBJC_IMPLEMENTATIONS = YES;
				CLANG_WARN_DIRECT_OBJC_ISA_USAGE = YES_ERROR;
				CLANG_WARN_DOCUMENTATION_COMMENTS = YES;
				CLANG_WARN_EMPTY_BODY = YES;
				CLANG_WARN_ENUM_CONVERSION = YES;
				CLANG_WARN_INFINITE_RECURSION = YES;
				CLANG_WARN_INT_CONVERSION = YES;
				CLANG_WARN_NON_LITERAL_NULL_CONVERSION = YES;
				CLANG_WARN_OBJC_IMPLICIT_RETAIN_SELF = YES;
				CLANG_WARN_OBJC_LITERAL_CONVERSION = YES;
				CLANG_WARN_OBJC_ROOT_CLASS = YES_ERROR;
				CLANG_WARN_QUOTED_INCLUDE_IN_FRAMEWORK_HEADER = YES;
				CLANG_WARN_RANGE_LOOP_ANALYSIS = YES;
				CLANG_WARN_STRICT_PROTOTYPES = YES;
				CLANG_WARN_SUSPICIOUS_MOVE = YES;
				CLANG_WARN_UNGUARDED_AVAILABILITY = YES_AGGRESSIVE;
				CLANG_WARN_UNREACHABLE_CODE = YES;
				CLANG_WARN__DUPLICATE_METHOD_MATCH = YES;
				COPY_PHASE_STRIP = NO;
				DEBUG_INFORMATION_FORMAT = dwarf;
				ENABLE_STRICT_OBJC_MSGSEND = YES;
				ENABLE_TESTABILITY = YES;
				ENABLE_USER_SCRIPT_SANDBOXING = YES;
				GCC_C_LANGUAGE_STANDARD = gnu17;
				GCC_DYNAMIC_NO_PIC = NO;
				GCC_NO_COMMON_BLOCKS = YES;
				GCC_OPTIMIZATION_LEVEL = 0;
				GCC_PREPROCESSOR_DEFINITIONS = (
					"DEBUG=1",
					"$(inherited)",
				);
				GCC_WARN_64_TO_32_BIT_CONVERSION = YES;
				GCC_WARN_ABOUT_RETURN_TYPE = YES_ERROR;
				GCC_WARN_UNDECLARED_SELECTOR = YES;
				GCC_WARN_UNINITIALIZED_AUTOS = YES_AGGRESSIVE;
				GCC_WARN_UNUSED_FUNCTION = YES;
				GCC_WARN_UNUSED_VARIABLE = YES;
				IPHONEOS_DEPLOYMENT_TARGET = 13.0;
				LOCALIZATION_PREFERS_STRING_CATALOGS = YES;
				MTL_ENABLE_DEBUG_INFO = INCLUDE_SOURCE;
				MTL_FAST_MATH = YES;
				ONLY_ACTIVE_ARCH = YES;
				SDKROOT = iphoneos;
				SWIFT_ACTIVE_COMPILATION_CONDITIONS = "DEBUG $(inherited)";
				SWIFT_OPTIMIZATION_LEVEL = "-Onone";
			};
			name = Debug;
		};
		0D27895F2D674E6C00B6DC6B /* Release */ = {
			isa = XCBuildConfiguration;
			buildSettings = {
				ALWAYS_SEARCH_USER_PATHS = NO;
				ASSETCATALOG_COMPILER_GENERATE_SWIFT_ASSET_SYMBOL_EXTENSIONS = YES;
				CLANG_ANALYZER_NONNULL = YES;
				CLANG_ANALYZER_NUMBER_OBJECT_CONVERSION = YES_AGGRESSIVE;
				CLANG_CXX_LANGUAGE_STANDARD = "gnu++20";
				CLANG_ENABLE_MODULES = YES;
				CLANG_ENABLE_OBJC_ARC = YES;
				CLANG_ENABLE_OBJC_WEAK = YES;
				CLANG_WARN_BLOCK_CAPTURE_AUTORELEASING = YES;
				CLANG_WARN_BOOL_CONVERSION = YES;
				CLANG_WARN_COMMA = YES;
				CLANG_WARN_CONSTANT_CONVERSION = YES;
				CLANG_WARN_DEPRECATED_OBJC_IMPLEMENTATIONS = YES;
				CLANG_WARN_DIRECT_OBJC_ISA_USAGE = YES_ERROR;
				CLANG_WARN_DOCUMENTATION_COMMENTS = YES;
				CLANG_WARN_EMPTY_BODY = YES;
				CLANG_WARN_ENUM_CONVERSION = YES;
				CLANG_WARN_INFINITE_RECURSION = YES;
				CLANG_WARN_INT_CONVERSION = YES;
				CLANG_WARN_NON_LITERAL_NULL_CONVERSION = YES;
				CLANG_WARN_OBJC_IMPLICIT_RETAIN_SELF = YES;
				CLANG_WARN_OBJC_LITERAL_CONVERSION = YES;
				CLANG_WARN_OBJC_ROOT_CLASS = YES_ERROR;
				CLANG_WARN_QUOTED_INCLUDE_IN_FRAMEWORK_HEADER = YES;
				CLANG_WARN_RANGE_LOOP_ANALYSIS = YES;
				CLANG_WARN_STRICT_PROTOTYPES = YES;
				CLANG_WARN_SUSPICIOUS_MOVE = YES;
				CLANG_WARN_UNGUARDED_AVAILABILITY = YES_AGGRESSIVE;
				CLANG_WARN_UNREACHABLE_CODE = YES;
				CLANG_WARN__DUPLICATE_METHOD_MATCH = YES;
				COPY_PHASE_STRIP = NO;
				DEBUG_INFORMATION_FORMAT = "dwarf-with-dsym";
				ENABLE_NS_ASSERTIONS = NO;
				ENABLE_STRICT_OBJC_MSGSEND = YES;
				ENABLE_USER_SCRIPT_SANDBOXING = YES;
				GCC_C_LANGUAGE_STANDARD = gnu17;
				GCC_NO_COMMON_BLOCKS = YES;
				GCC_WARN_64_TO_32_BIT_CONVERSION = YES;
				GCC_WARN_ABOUT_RETURN_TYPE = YES_ERROR;
				GCC_WARN_UNDECLARED_SELECTOR = YES;
				GCC_WARN_UNINITIALIZED_AUTOS = YES_AGGRESSIVE;
				GCC_WARN_UNUSED_FUNCTION = YES;
				GCC_WARN_UNUSED_VARIABLE = YES;
				IPHONEOS_DEPLOYMENT_TARGET = 13.0;
				LOCALIZATION_PREFERS_STRING_CATALOGS = YES;
				MTL_ENABLE_DEBUG_INFO = NO;
				MTL_FAST_MATH = YES;
				SDKROOT = iphoneos;
				SWIFT_COMPILATION_MODE = wholemodule;
				VALIDATE_PRODUCT = YES;
			};
			name = Release;
		};
		0D2789612D674E6C00B6DC6B /* Debug */ = {
			isa = XCBuildConfiguration;
			buildSettings = {
				ASSETCATALOG_COMPILER_APPICON_NAME = AppIcon;
				ASSETCATALOG_COMPILER_GLOBAL_ACCENT_COLOR_NAME = AccentColor;
				CODE_SIGN_STYLE = Automatic;
				CURRENT_PROJECT_VERSION = 1;
				DEVELOPMENT_TEAM = M3E4SKAQDX;
				GENERATE_INFOPLIST_FILE = YES;
				INFOPLIST_FILE = ImageFeed/Info.plist;
				INFOPLIST_KEY_UIApplicationSupportsIndirectInputEvents = YES;
				INFOPLIST_KEY_UILaunchStoryboardName = LaunchScreen;
				INFOPLIST_KEY_UIMainStoryboardFile = Main;
				INFOPLIST_KEY_UISupportedInterfaceOrientations = UIInterfaceOrientationPortrait;
				INFOPLIST_KEY_UISupportedInterfaceOrientations_iPad = UIInterfaceOrientationPortrait;
				IPHONEOS_DEPLOYMENT_TARGET = 13.0;
				LD_RUNPATH_SEARCH_PATHS = (
					"$(inherited)",
					"@executable_path/Frameworks",
				);
				MARKETING_VERSION = 1.0;
				PRODUCT_BUNDLE_IDENTIFIER = "Vadzim-Kamkou.ImageFeed";
				PRODUCT_NAME = "$(TARGET_NAME)";
				SUPPORTED_PLATFORMS = "iphoneos iphonesimulator";
				SUPPORTS_MACCATALYST = NO;
				SUPPORTS_MAC_DESIGNED_FOR_IPHONE_IPAD = NO;
				SUPPORTS_XR_DESIGNED_FOR_IPHONE_IPAD = NO;
				SWIFT_EMIT_LOC_STRINGS = YES;
				SWIFT_VERSION = 5.0;
				TARGETED_DEVICE_FAMILY = 1;
			};
			name = Debug;
		};
		0D2789622D674E6C00B6DC6B /* Release */ = {
			isa = XCBuildConfiguration;
			buildSettings = {
				ASSETCATALOG_COMPILER_APPICON_NAME = AppIcon;
				ASSETCATALOG_COMPILER_GLOBAL_ACCENT_COLOR_NAME = AccentColor;
				CODE_SIGN_STYLE = Automatic;
				CURRENT_PROJECT_VERSION = 1;
				DEVELOPMENT_TEAM = M3E4SKAQDX;
				GENERATE_INFOPLIST_FILE = YES;
				INFOPLIST_FILE = ImageFeed/Info.plist;
				INFOPLIST_KEY_UIApplicationSupportsIndirectInputEvents = YES;
				INFOPLIST_KEY_UILaunchStoryboardName = LaunchScreen;
				INFOPLIST_KEY_UIMainStoryboardFile = Main;
				INFOPLIST_KEY_UISupportedInterfaceOrientations = UIInterfaceOrientationPortrait;
				INFOPLIST_KEY_UISupportedInterfaceOrientations_iPad = UIInterfaceOrientationPortrait;
				IPHONEOS_DEPLOYMENT_TARGET = 13.0;
				LD_RUNPATH_SEARCH_PATHS = (
					"$(inherited)",
					"@executable_path/Frameworks",
				);
				MARKETING_VERSION = 1.0;
				PRODUCT_BUNDLE_IDENTIFIER = "Vadzim-Kamkou.ImageFeed";
				PRODUCT_NAME = "$(TARGET_NAME)";
				SUPPORTED_PLATFORMS = "iphoneos iphonesimulator";
				SUPPORTS_MACCATALYST = NO;
				SUPPORTS_MAC_DESIGNED_FOR_IPHONE_IPAD = NO;
				SUPPORTS_XR_DESIGNED_FOR_IPHONE_IPAD = NO;
				SWIFT_EMIT_LOC_STRINGS = YES;
				SWIFT_VERSION = 5.0;
				TARGETED_DEVICE_FAMILY = 1;
			};
			name = Release;
		};
		0D4CB05D2DDBBCE8002AEE98 /* Debug */ = {
			isa = XCBuildConfiguration;
			buildSettings = {
				BUNDLE_LOADER = "$(TEST_HOST)";
				CODE_SIGN_STYLE = Automatic;
				CURRENT_PROJECT_VERSION = 1;
				DEVELOPMENT_TEAM = M3E4SKAQDX;
				GENERATE_INFOPLIST_FILE = YES;
				IPHONEOS_DEPLOYMENT_TARGET = 18.1;
				MARKETING_VERSION = 1.0;
				PRODUCT_BUNDLE_IDENTIFIER = "Vadzim-Kamkou.ImageFeedTests";
				PRODUCT_NAME = "$(TARGET_NAME)";
				SWIFT_EMIT_LOC_STRINGS = NO;
				SWIFT_VERSION = 5.0;
				TARGETED_DEVICE_FAMILY = "1,2";
				TEST_HOST = "$(BUILT_PRODUCTS_DIR)/ImageFeed.app/$(BUNDLE_EXECUTABLE_FOLDER_PATH)/ImageFeed";
			};
			name = Debug;
		};
		0D4CB05E2DDBBCE8002AEE98 /* Release */ = {
			isa = XCBuildConfiguration;
			buildSettings = {
				BUNDLE_LOADER = "$(TEST_HOST)";
				CODE_SIGN_STYLE = Automatic;
				CURRENT_PROJECT_VERSION = 1;
				DEVELOPMENT_TEAM = M3E4SKAQDX;
				GENERATE_INFOPLIST_FILE = YES;
				IPHONEOS_DEPLOYMENT_TARGET = 18.1;
				MARKETING_VERSION = 1.0;
				PRODUCT_BUNDLE_IDENTIFIER = "Vadzim-Kamkou.ImageFeedTests";
				PRODUCT_NAME = "$(TARGET_NAME)";
				SWIFT_EMIT_LOC_STRINGS = NO;
				SWIFT_VERSION = 5.0;
				TARGETED_DEVICE_FAMILY = "1,2";
				TEST_HOST = "$(BUILT_PRODUCTS_DIR)/ImageFeed.app/$(BUNDLE_EXECUTABLE_FOLDER_PATH)/ImageFeed";
			};
			name = Release;
		};
/* End XCBuildConfiguration section */

/* Begin XCConfigurationList section */
		0D2789472D674E6A00B6DC6B /* Build configuration list for PBXProject "ImageFeed" */ = {
			isa = XCConfigurationList;
			buildConfigurations = (
				0D27895E2D674E6C00B6DC6B /* Debug */,
				0D27895F2D674E6C00B6DC6B /* Release */,
			);
			defaultConfigurationIsVisible = 0;
			defaultConfigurationName = Release;
		};
		0D2789602D674E6C00B6DC6B /* Build configuration list for PBXNativeTarget "ImageFeed" */ = {
			isa = XCConfigurationList;
			buildConfigurations = (
				0D2789612D674E6C00B6DC6B /* Debug */,
				0D2789622D674E6C00B6DC6B /* Release */,
			);
			defaultConfigurationIsVisible = 0;
			defaultConfigurationName = Release;
		};
		0D4CB05C2DDBBCE8002AEE98 /* Build configuration list for PBXNativeTarget "ImageFeedTests" */ = {
			isa = XCConfigurationList;
			buildConfigurations = (
				0D4CB05D2DDBBCE8002AEE98 /* Debug */,
				0D4CB05E2DDBBCE8002AEE98 /* Release */,
			);
			defaultConfigurationIsVisible = 0;
			defaultConfigurationName = Release;
		};
/* End XCConfigurationList section */

/* Begin XCRemoteSwiftPackageReference section */
		0D48EA8B2DAEBEF200EF0C79 /* XCRemoteSwiftPackageReference "ProgressHUD" */ = {
			isa = XCRemoteSwiftPackageReference;
			repositoryURL = "https://github.com/relatedcode/ProgressHUD";
			requirement = {
				kind = upToNextMajorVersion;
				minimumVersion = 14.1.3;
			};
		};
		0DA39A982DBC073C00738593 /* XCRemoteSwiftPackageReference "Kingfisher" */ = {
			isa = XCRemoteSwiftPackageReference;
			repositoryURL = "https://github.com/onevcat/Kingfisher.git";
			requirement = {
				kind = upToNextMajorVersion;
				minimumVersion = 8.3.2;
			};
		};
		0DA39A9B2DBD5ED400738593 /* XCRemoteSwiftPackageReference "SwiftKeychainWrapper" */ = {
			isa = XCRemoteSwiftPackageReference;
			repositoryURL = "https://github.com/jrendel/SwiftKeychainWrapper";
			requirement = {
				kind = upToNextMajorVersion;
				minimumVersion = 4.0.1;
			};
		};
/* End XCRemoteSwiftPackageReference section */

/* Begin XCSwiftPackageProductDependency section */
		0D48EA8C2DAEBEF200EF0C79 /* ProgressHUD */ = {
			isa = XCSwiftPackageProductDependency;
			package = 0D48EA8B2DAEBEF200EF0C79 /* XCRemoteSwiftPackageReference "ProgressHUD" */;
			productName = ProgressHUD;
		};
		0DA39A992DBC073C00738593 /* Kingfisher */ = {
			isa = XCSwiftPackageProductDependency;
			package = 0DA39A982DBC073C00738593 /* XCRemoteSwiftPackageReference "Kingfisher" */;
			productName = Kingfisher;
		};
		0DA39A9C2DBD5ED400738593 /* SwiftKeychainWrapper */ = {
			isa = XCSwiftPackageProductDependency;
			package = 0DA39A9B2DBD5ED400738593 /* XCRemoteSwiftPackageReference "SwiftKeychainWrapper" */;
			productName = SwiftKeychainWrapper;
		};
/* End XCSwiftPackageProductDependency section */
	};
	rootObject = 0D2789442D674E6A00B6DC6B /* Project object */;
}
